
Microsoft Visual Studio Solution File, Format Version 12.00
# Visual Studio Version 17
VisualStudioVersion = 17.14.36301.6 d17.14
MinimumVisualStudioVersion = 10.0.40219.1
Project("{FAE04EC0-301F-11D3-BF4B-00C04F79EFBC}") = "ElibraryManagementSystem", "ElibraryManagementSystem.csproj", "{4885C334-1BB3-4915-B3CC-E348B459CB9E}"
EndProject
Global
	GlobalSection(SolutionConfigurationPlatforms) = preSolution
		Debug|Any CPU = Debug|Any CPU
		Release|Any CPU = Release|Any CPU
	EndGlobalSection
	GlobalSection(ProjectConfigurationPlatforms) = postSolution
		{4885C334-1BB3-4915-B3CC-E348B459CB9E}.Debug|Any CPU.ActiveCfg = Debug|Any CPU
		{4885C334-1BB3-4915-B3CC-E348B459CB9E}.Debug|Any CPU.Build.0 = Debug|Any CPU
		{4885C334-1BB3-4915-B3CC-E348B459CB9E}.Release|Any CPU.ActiveCfg = Release|Any CPU
		{4885C334-1BB3-4915-B3CC-E348B459CB9E}.Release|Any CPU.Build.0 = Release|Any CPU
	EndGlobalSection
	GlobalSection(SolutionProperties) = preSolution
		HideSolutionNode = FALSE
	EndGlobalSection
	GlobalSection(ExtensibilityGlobals) = postSolution
		SolutionGuid = {633EA63A-563B-4148-BD28-63FA482EA40B}
	EndGlobalSection
EndGlobal
